// !$*UTF8*$!
{
	archiveVersion = 1;
	classes = {
	};
	objectVersion = 50;
	objects = {

/* Begin PBXBuildFile section */
		309255B87F3419B7F0099A03 /* libPods-HealthCode.a in Frameworks */ = {isa = PBXBuildFile; fileRef = C169D9BF3A1D43B7B4D0AF48 /* libPods-HealthCode.a */; };
		D50A715524BD91C200805136 /* AppDelegate.m in Sources */ = {isa = PBXBuildFile; fileRef = D50A715424BD91C200805136 /* AppDelegate.m */; };
		D50A715824BD91C200805136 /* SceneDelegate.m in Sources */ = {isa = PBXBuildFile; fileRef = D50A715724BD91C200805136 /* SceneDelegate.m */; };
		D50A715B24BD91C200805136 /* ViewController.m in Sources */ = {isa = PBXBuildFile; fileRef = D50A715A24BD91C200805136 /* ViewController.m */; };
		D50A715E24BD91C200805136 /* Main.storyboard in Resources */ = {isa = PBXBuildFile; fileRef = D50A715C24BD91C200805136 /* Main.storyboard */; };
		D50A716024BD91C600805136 /* Assets.xcassets in Resources */ = {isa = PBXBuildFile; fileRef = D50A715F24BD91C600805136 /* Assets.xcassets */; };
		D50A716324BD91C600805136 /* LaunchScreen.storyboard in Resources */ = {isa = PBXBuildFile; fileRef = D50A716124BD91C600805136 /* LaunchScreen.storyboard */; };
		D50A716624BD91C600805136 /* main.m in Sources */ = {isa = PBXBuildFile; fileRef = D50A716524BD91C600805136 /* main.m */; };
		D50A716E24BE077E00805136 /* QRCodeViewController.m in Sources */ = {isa = PBXBuildFile; fileRef = D50A716D24BE077E00805136 /* QRCodeViewController.m */; };
		D50A717124BEA7E800805136 /* UserInfo.m in Sources */ = {isa = PBXBuildFile; fileRef = D50A717024BEA7E800805136 /* UserInfo.m */; };
		D50A717624BFEED800805136 /* GuardViewController.m in Sources */ = {isa = PBXBuildFile; fileRef = D50A717524BFEED800805136 /* GuardViewController.m */; };
		D5AAF74324C0363600B6AF2E /* ResultViewController.m in Sources */ = {isa = PBXBuildFile; fileRef = D5AAF74224C0363600B6AF2E /* ResultViewController.m */; };
		D5AAF74624C0AD3600B6AF2E /* RSA.m in Sources */ = {isa = PBXBuildFile; fileRef = D5AAF74424C0AD3500B6AF2E /* RSA.m */; };
		D5AAF74924C1D77200B6AF2E /* SuccessView.m in Sources */ = {isa = PBXBuildFile; fileRef = D5AAF74824C1D77200B6AF2E /* SuccessView.m */; };
/* End PBXBuildFile section */

/* Begin PBXFileReference section */
		1AABF6239CED66631A25CF93 /* Pods-HealthCode.release.xcconfig */ = {isa = PBXFileReference; includeInIndex = 1; lastKnownFileType = text.xcconfig; name = "Pods-HealthCode.release.xcconfig"; path = "Target Support Files/Pods-HealthCode/Pods-HealthCode.release.xcconfig"; sourceTree = "<group>"; };
		C169D9BF3A1D43B7B4D0AF48 /* libPods-HealthCode.a */ = {isa = PBXFileReference; explicitFileType = archive.ar; includeInIndex = 0; path = "libPods-HealthCode.a"; sourceTree = BUILT_PRODUCTS_DIR; };
		D38C67FA0B66398AF132A0FA /* Pods-HealthCode.debug.xcconfig */ = {isa = PBXFileReference; includeInIndex = 1; lastKnownFileType = text.xcconfig; name = "Pods-HealthCode.debug.xcconfig"; path = "Target Support Files/Pods-HealthCode/Pods-HealthCode.debug.xcconfig"; sourceTree = "<group>"; };
		D50A715024BD91C200805136 /* HealthCode.app */ = {isa = PBXFileReference; explicitFileType = wrapper.application; includeInIndex = 0; path = HealthCode.app; sourceTree = BUILT_PRODUCTS_DIR; };
		D50A715324BD91C200805136 /* AppDelegate.h */ = {isa = PBXFileReference; lastKnownFileType = sourcecode.c.h; path = AppDelegate.h; sourceTree = "<group>"; };
		D50A715424BD91C200805136 /* AppDelegate.m */ = {isa = PBXFileReference; lastKnownFileType = sourcecode.c.objc; path = AppDelegate.m; sourceTree = "<group>"; };
		D50A715624BD91C200805136 /* SceneDelegate.h */ = {isa = PBXFileReference; lastKnownFileType = sourcecode.c.h; path = SceneDelegate.h; sourceTree = "<group>"; };
		D50A715724BD91C200805136 /* SceneDelegate.m */ = {isa = PBXFileReference; lastKnownFileType = sourcecode.c.objc; path = SceneDelegate.m; sourceTree = "<group>"; };
		D50A715924BD91C200805136 /* ViewController.h */ = {isa = PBXFileReference; lastKnownFileType = sourcecode.c.h; path = ViewController.h; sourceTree = "<group>"; };
		D50A715A24BD91C200805136 /* ViewController.m */ = {isa = PBXFileReference; lastKnownFileType = sourcecode.c.objc; path = ViewController.m; sourceTree = "<group>"; };
		D50A715D24BD91C200805136 /* Base */ = {isa = PBXFileReference; lastKnownFileType = file.storyboard; name = Base; path = Base.lproj/Main.storyboard; sourceTree = "<group>"; };
		D50A715F24BD91C600805136 /* Assets.xcassets */ = {isa = PBXFileReference; lastKnownFileType = folder.assetcatalog; path = Assets.xcassets; sourceTree = "<group>"; };
		D50A716224BD91C600805136 /* Base */ = {isa = PBXFileReference; lastKnownFileType = file.storyboard; name = Base; path = Base.lproj/LaunchScreen.storyboard; sourceTree = "<group>"; };
		D50A716424BD91C600805136 /* Info.plist */ = {isa = PBXFileReference; lastKnownFileType = text.plist.xml; path = Info.plist; sourceTree = "<group>"; };
		D50A716524BD91C600805136 /* main.m */ = {isa = PBXFileReference; lastKnownFileType = sourcecode.c.objc; path = main.m; sourceTree = "<group>"; };
		D50A716C24BE077E00805136 /* QRCodeViewController.h */ = {isa = PBXFileReference; lastKnownFileType = sourcecode.c.h; path = QRCodeViewController.h; sourceTree = "<group>"; };
		D50A716D24BE077E00805136 /* QRCodeViewController.m */ = {isa = PBXFileReference; lastKnownFileType = sourcecode.c.objc; path = QRCodeViewController.m; sourceTree = "<group>"; };
		D50A716F24BEA7E800805136 /* UserInfo.h */ = {isa = PBXFileReference; lastKnownFileType = sourcecode.c.h; path = UserInfo.h; sourceTree = "<group>"; };
		D50A717024BEA7E800805136 /* UserInfo.m */ = {isa = PBXFileReference; lastKnownFileType = sourcecode.c.objc; path = UserInfo.m; sourceTree = "<group>"; };
		D50A717424BFEED800805136 /* GuardViewController.h */ = {isa = PBXFileReference; lastKnownFileType = sourcecode.c.h; path = GuardViewController.h; sourceTree = "<group>"; };
		D50A717524BFEED800805136 /* GuardViewController.m */ = {isa = PBXFileReference; lastKnownFileType = sourcecode.c.objc; path = GuardViewController.m; sourceTree = "<group>"; };
		D5AAF74124C0363600B6AF2E /* ResultViewController.h */ = {isa = PBXFileReference; lastKnownFileType = sourcecode.c.h; path = ResultViewController.h; sourceTree = "<group>"; };
		D5AAF74224C0363600B6AF2E /* ResultViewController.m */ = {isa = PBXFileReference; lastKnownFileType = sourcecode.c.objc; path = ResultViewController.m; sourceTree = "<group>"; };
		D5AAF74424C0AD3500B6AF2E /* RSA.m */ = {isa = PBXFileReference; fileEncoding = 4; lastKnownFileType = sourcecode.c.objc; path = RSA.m; sourceTree = "<group>"; };
		D5AAF74524C0AD3500B6AF2E /* RSA.h */ = {isa = PBXFileReference; fileEncoding = 4; lastKnownFileType = sourcecode.c.h; path = RSA.h; sourceTree = "<group>"; };
		D5AAF74724C1D77200B6AF2E /* SuccessView.h */ = {isa = PBXFileReference; lastKnownFileType = sourcecode.c.h; path = SuccessView.h; sourceTree = "<group>"; };
		D5AAF74824C1D77200B6AF2E /* SuccessView.m */ = {isa = PBXFileReference; lastKnownFileType = sourcecode.c.objc; path = SuccessView.m; sourceTree = "<group>"; };
/* End PBXFileReference section */

/* Begin PBXFrameworksBuildPhase section */
		D50A714D24BD91C200805136 /* Frameworks */ = {
			isa = PBXFrameworksBuildPhase;
			buildActionMask = 2147483647;
			files = (
				309255B87F3419B7F0099A03 /* libPods-HealthCode.a in Frameworks */,
			);
			runOnlyForDeploymentPostprocessing = 0;
		};
/* End PBXFrameworksBuildPhase section */

/* Begin PBXGroup section */
		CC30D0FCE7A0DF916372567A /* Frameworks */ = {
			isa = PBXGroup;
			children = (
				C169D9BF3A1D43B7B4D0AF48 /* libPods-HealthCode.a */,
			);
			name = Frameworks;
			sourceTree = "<group>";
		};
		D50A714724BD91C200805136 = {
			isa = PBXGroup;
			children = (
				D50A715224BD91C200805136 /* HealthCode */,
				D50A715124BD91C200805136 /* Products */,
				DEF7F5E4B6D1333CB911BF3F /* Pods */,
				CC30D0FCE7A0DF916372567A /* Frameworks */,
			);
			sourceTree = "<group>";
		};
		D50A715124BD91C200805136 /* Products */ = {
			isa = PBXGroup;
			children = (
				D50A715024BD91C200805136 /* HealthCode.app */,
			);
			name = Products;
			sourceTree = "<group>";
		};
		D50A715224BD91C200805136 /* HealthCode */ = {
			isa = PBXGroup;
			children = (
				D5AAF74524C0AD3500B6AF2E /* RSA.h */,
				D5AAF74424C0AD3500B6AF2E /* RSA.m */,
				D50A717324BF55DA00805136 /* Guard */,
				D50A717224BF559C00805136 /* Custom */,
				D50A715324BD91C200805136 /* AppDelegate.h */,
				D50A715424BD91C200805136 /* AppDelegate.m */,
				D50A715624BD91C200805136 /* SceneDelegate.h */,
				D50A715724BD91C200805136 /* SceneDelegate.m */,
				D50A715924BD91C200805136 /* ViewController.h */,
				D50A715A24BD91C200805136 /* ViewController.m */,
				D50A715C24BD91C200805136 /* Main.storyboard */,
				D50A715F24BD91C600805136 /* Assets.xcassets */,
				D50A716124BD91C600805136 /* LaunchScreen.storyboard */,
				D50A716424BD91C600805136 /* Info.plist */,
				D50A716524BD91C600805136 /* main.m */,
			);
			path = HealthCode;
			sourceTree = "<group>";
		};
		D50A717224BF559C00805136 /* Custom */ = {
			isa = PBXGroup;
			children = (
				D50A716C24BE077E00805136 /* QRCodeViewController.h */,
				D50A716D24BE077E00805136 /* QRCodeViewController.m */,
				D50A716F24BEA7E800805136 /* UserInfo.h */,
				D50A717024BEA7E800805136 /* UserInfo.m */,
			);
			path = Custom;
			sourceTree = "<group>";
		};
		D50A717324BF55DA00805136 /* Guard */ = {
			isa = PBXGroup;
			children = (
				D50A717424BFEED800805136 /* GuardViewController.h */,
				D50A717524BFEED800805136 /* GuardViewController.m */,
				D5AAF74124C0363600B6AF2E /* ResultViewController.h */,
				D5AAF74224C0363600B6AF2E /* ResultViewController.m */,
				D5AAF74724C1D77200B6AF2E /* SuccessView.h */,
				D5AAF74824C1D77200B6AF2E /* SuccessView.m */,
			);
			path = Guard;
			sourceTree = "<group>";
		};
		DEF7F5E4B6D1333CB911BF3F /* Pods */ = {
			isa = PBXGroup;
			children = (
				D38C67FA0B66398AF132A0FA /* Pods-HealthCode.debug.xcconfig */,
				1AABF6239CED66631A25CF93 /* Pods-HealthCode.release.xcconfig */,
			);
			path = Pods;
			sourceTree = "<group>";
		};
/* End PBXGroup section */

/* Begin PBXNativeTarget section */
		D50A714F24BD91C200805136 /* HealthCode */ = {
			isa = PBXNativeTarget;
			buildConfigurationList = D50A716924BD91C600805136 /* Build configuration list for PBXNativeTarget "HealthCode" */;
			buildPhases = (
				E730AAE8D9005937C8007AE5 /* [CP] Check Pods Manifest.lock */,
				D50A714C24BD91C200805136 /* Sources */,
				D50A714D24BD91C200805136 /* Frameworks */,
				D50A714E24BD91C200805136 /* Resources */,
			);
			buildRules = (
			);
			dependencies = (
			);
			name = HealthCode;
			productName = HealthCode;
			productReference = D50A715024BD91C200805136 /* HealthCode.app */;
			productType = "com.apple.product-type.application";
		};
/* End PBXNativeTarget section */

/* Begin PBXProject section */
		D50A714824BD91C200805136 /* Project object */ = {
			isa = PBXProject;
			attributes = {
				LastUpgradeCheck = 1150;
				ORGANIZATIONNAME = Godlowd;
				TargetAttributes = {
					D50A714F24BD91C200805136 = {
						CreatedOnToolsVersion = 11.5;
					};
				};
			};
			buildConfigurationList = D50A714B24BD91C200805136 /* Build configuration list for PBXProject "HealthCode" */;
			compatibilityVersion = "Xcode 9.3";
			developmentRegion = en;
			hasScannedForEncodings = 0;
			knownRegions = (
				en,
				Base,
			);
			mainGroup = D50A714724BD91C200805136;
			productRefGroup = D50A715124BD91C200805136 /* Products */;
			projectDirPath = "";
			projectRoot = "";
			targets = (
				D50A714F24BD91C200805136 /* HealthCode */,
			);
		};
/* End PBXProject section */

/* Begin PBXResourcesBuildPhase section */
		D50A714E24BD91C200805136 /* Resources */ = {
			isa = PBXResourcesBuildPhase;
			buildActionMask = 2147483647;
			files = (
				D50A716324BD91C600805136 /* LaunchScreen.storyboard in Resources */,
				D50A716024BD91C600805136 /* Assets.xcassets in Resources */,
				D50A715E24BD91C200805136 /* Main.storyboard in Resources */,
			);
			runOnlyForDeploymentPostprocessing = 0;
		};
/* End PBXResourcesBuildPhase section */

/* Begin PBXShellScriptBuildPhase section */
		E730AAE8D9005937C8007AE5 /* [CP] Check Pods Manifest.lock */ = {
			isa = PBXShellScriptBuildPhase;
			buildActionMask = 2147483647;
			files = (
			);
			inputFileListPaths = (
			);
			inputPaths = (
				"${PODS_PODFILE_DIR_PATH}/Podfile.lock",
				"${PODS_ROOT}/Manifest.lock",
			);
			name = "[CP] Check Pods Manifest.lock";
			outputFileListPaths = (
			);
			outputPaths = (
				"$(DERIVED_FILE_DIR)/Pods-HealthCode-checkManifestLockResult.txt",
			);
			runOnlyForDeploymentPostprocessing = 0;
			shellPath = /bin/sh;
			shellScript = "diff \"${PODS_PODFILE_DIR_PATH}/Podfile.lock\" \"${PODS_ROOT}/Manifest.lock\" > /dev/null\nif [ $? != 0 ] ; then\n    # print error to STDERR\n    echo \"error: The sandbox is not in sync with the Podfile.lock. Run 'pod install' or update your CocoaPods installation.\" >&2\n    exit 1\nfi\n# This output is used by Xcode 'outputs' to avoid re-running this script phase.\necho \"SUCCESS\" > \"${SCRIPT_OUTPUT_FILE_0}\"\n";
			showEnvVarsInLog = 0;
		};
/* End PBXShellScriptBuildPhase section */

/* Begin PBXSourcesBuildPhase section */
		D50A714C24BD91C200805136 /* Sources */ = {
			isa = PBXSourcesBuildPhase;
			buildActionMask = 2147483647;
			files = (
				D50A717624BFEED800805136 /* GuardViewController.m in Sources */,
				D50A716E24BE077E00805136 /* QRCodeViewController.m in Sources */,
				D5AAF74924C1D77200B6AF2E /* SuccessView.m in Sources */,
				D50A715B24BD91C200805136 /* ViewController.m in Sources */,
				D50A715524BD91C200805136 /* AppDelegate.m in Sources */,
				D50A716624BD91C600805136 /* main.m in Sources */,
				D50A717124BEA7E800805136 /* UserInfo.m in Sources */,
				D5AAF74624C0AD3600B6AF2E /* RSA.m in Sources */,
				D50A715824BD91C200805136 /* SceneDelegate.m in Sources */,
				D5AAF74324C0363600B6AF2E /* ResultViewController.m in Sources */,
			);
			runOnlyForDeploymentPostprocessing = 0;
		};
/* End PBXSourcesBuildPhase section */

/* Begin PBXVariantGroup section */
		D50A715C24BD91C200805136 /* Main.storyboard */ = {
			isa = PBXVariantGroup;
			children = (
				D50A715D24BD91C200805136 /* Base */,
			);
			name = Main.storyboard;
			sourceTree = "<group>";
		};
		D50A716124BD91C600805136 /* LaunchScreen.storyboard */ = {
			isa = PBXVariantGroup;
			children = (
				D50A716224BD91C600805136 /* Base */,
			);
			name = LaunchScreen.storyboard;
			sourceTree = "<group>";
		};
/* End PBXVariantGroup section */

/* Begin XCBuildConfiguration section */
		D50A716724BD91C600805136 /* Debug */ = {
			isa = XCBuildConfiguration;
			buildSettings = {
				ALWAYS_SEARCH_USER_PATHS = NO;
				CLANG_ANALYZER_NONNULL = YES;
				CLANG_ANALYZER_NUMBER_OBJECT_CONVERSION = YES_AGGRESSIVE;
				CLANG_CXX_LANGUAGE_STANDARD = "gnu++14";
				CLANG_CXX_LIBRARY = "libc++";
				CLANG_ENABLE_MODULES = YES;
				CLANG_ENABLE_OBJC_ARC = YES;
				CLANG_ENABLE_OBJC_WEAK = YES;
				CLANG_WARN_BLOCK_CAPTURE_AUTORELEASING = YES;
				CLANG_WARN_BOOL_CONVERSION = YES;
				CLANG_WARN_COMMA = YES;
				CLANG_WARN_CONSTANT_CONVERSION = YES;
				CLANG_WARN_DEPRECATED_OBJC_IMPLEMENTATIONS = YES;
				CLANG_WARN_DIRECT_OBJC_ISA_USAGE = YES_ERROR;
				CLANG_WARN_DOCUMENTATION_COMMENTS = YES;
				CLANG_WARN_EMPTY_BODY = YES;
				CLANG_WARN_ENUM_CONVERSION = YES;
				CLANG_WARN_INFINITE_RECURSION = YES;
				CLANG_WARN_INT_CONVERSION = YES;
				CLANG_WARN_NON_LITERAL_NULL_CONVERSION = YES;
				CLANG_WARN_OBJC_IMPLICIT_RETAIN_SELF = YES;
				CLANG_WARN_OBJC_LITERAL_CONVERSION = YES;
				CLANG_WARN_OBJC_ROOT_CLASS = YES_ERROR;
				CLANG_WARN_RANGE_LOOP_ANALYSIS = YES;
				CLANG_WARN_STRICT_PROTOTYPES = YES;
				CLANG_WARN_SUSPICIOUS_MOVE = YES;
				CLANG_WARN_UNGUARDED_AVAILABILITY = YES_AGGRESSIVE;
				CLANG_WARN_UNREACHABLE_CODE = YES;
				CLANG_WARN__DUPLICATE_METHOD_MATCH = YES;
				COPY_PHASE_STRIP = NO;
				DEBUG_INFORMATION_FORMAT = dwarf;
				ENABLE_STRICT_OBJC_MSGSEND = YES;
				ENABLE_TESTABILITY = YES;
				GCC_C_LANGUAGE_STANDARD = gnu11;
				GCC_DYNAMIC_NO_PIC = NO;
				GCC_NO_COMMON_BLOCKS = YES;
				GCC_OPTIMIZATION_LEVEL = 0;
				GCC_PREPROCESSOR_DEFINITIONS = (
					"DEBUG=1",
					"$(inherited)",
				);
				GCC_WARN_64_TO_32_BIT_CONVERSION = YES;
				GCC_WARN_ABOUT_RETURN_TYPE = YES_ERROR;
				GCC_WARN_UNDECLARED_SELECTOR = YES;
				GCC_WARN_UNINITIALIZED_AUTOS = YES_AGGRESSIVE;
				GCC_WARN_UNUSED_FUNCTION = YES;
				GCC_WARN_UNUSED_VARIABLE = YES;
				IPHONEOS_DEPLOYMENT_TARGET = 13.5;
				MTL_ENABLE_DEBUG_INFO = INCLUDE_SOURCE;
				MTL_FAST_MATH = YES;
				ONLY_ACTIVE_ARCH = YES;
				SDKROOT = iphoneos;
			};
			name = Debug;
		};
		D50A716824BD91C600805136 /* Release */ = {
			isa = XCBuildConfiguration;
			buildSettings = {
				ALWAYS_SEARCH_USER_PATHS = NO;
				CLANG_ANALYZER_NONNULL = YES;
				CLANG_ANALYZER_NUMBER_OBJECT_CONVERSION = YES_AGGRESSIVE;
				CLANG_CXX_LANGUAGE_STANDARD = "gnu++14";
				CLANG_CXX_LIBRARY = "libc++";
				CLANG_ENABLE_MODULES = YES;
				CLANG_ENABLE_OBJC_ARC = YES;
				CLANG_ENABLE_OBJC_WEAK = YES;
				CLANG_WARN_BLOCK_CAPTURE_AUTORELEASING = YES;
				CLANG_WARN_BOOL_CONVERSION = YES;
				CLANG_WARN_COMMA = YES;
				CLANG_WARN_CONSTANT_CONVERSION = YES;
				CLANG_WARN_DEPRECATED_OBJC_IMPLEMENTATIONS = YES;
				CLANG_WARN_DIRECT_OBJC_ISA_USAGE = YES_ERROR;
				CLANG_WARN_DOCUMENTATION_COMMENTS = YES;
				CLANG_WARN_EMPTY_BODY = YES;
				CLANG_WARN_ENUM_CONVERSION = YES;
				CLANG_WARN_INFINITE_RECURSION = YES;
				CLANG_WARN_INT_CONVERSION = YES;
				CLANG_WARN_NON_LITERAL_NULL_CONVERSION = YES;
				CLANG_WARN_OBJC_IMPLICIT_RETAIN_SELF = YES;
				CLANG_WARN_OBJC_LITERAL_CONVERSION = YES;
				CLANG_WARN_OBJC_ROOT_CLASS = YES_ERROR;
				CLANG_WARN_RANGE_LOOP_ANALYSIS = YES;
				CLANG_WARN_STRICT_PROTOTYPES = YES;
				CLANG_WARN_SUSPICIOUS_MOVE = YES;
				CLANG_WARN_UNGUARDED_AVAILABILITY = YES_AGGRESSIVE;
				CLANG_WARN_UNREACHABLE_CODE = YES;
				CLANG_WARN__DUPLICATE_METHOD_MATCH = YES;
				COPY_PHASE_STRIP = NO;
				DEBUG_INFORMATION_FORMAT = "dwarf-with-dsym";
				ENABLE_NS_ASSERTIONS = NO;
				ENABLE_STRICT_OBJC_MSGSEND = YES;
				GCC_C_LANGUAGE_STANDARD = gnu11;
				GCC_NO_COMMON_BLOCKS = YES;
				GCC_WARN_64_TO_32_BIT_CONVERSION = YES;
				GCC_WARN_ABOUT_RETURN_TYPE = YES_ERROR;
				GCC_WARN_UNDECLARED_SELECTOR = YES;
				GCC_WARN_UNINITIALIZED_AUTOS = YES_AGGRESSIVE;
				GCC_WARN_UNUSED_FUNCTION = YES;
				GCC_WARN_UNUSED_VARIABLE = YES;
				IPHONEOS_DEPLOYMENT_TARGET = 13.5;
				MTL_ENABLE_DEBUG_INFO = NO;
				MTL_FAST_MATH = YES;
				SDKROOT = iphoneos;
				VALIDATE_PRODUCT = YES;
			};
			name = Release;
		};
		D50A716A24BD91C600805136 /* Debug */ = {
			isa = XCBuildConfiguration;
			baseConfigurationReference = D38C67FA0B66398AF132A0FA /* Pods-HealthCode.debug.xcconfig */;
			buildSettings = {
				ASSETCATALOG_COMPILER_APPICON_NAME = AppIcon;
				CODE_SIGN_STYLE = Automatic;
				DEVELOPMENT_TEAM = 2H75278LLG;
				INFOPLIST_FILE = HealthCode/Info.plist;
				LD_RUNPATH_SEARCH_PATHS = (
					"$(inherited)",
					"@executable_path/Frameworks",
				);
				PRODUCT_BUNDLE_IDENTIFIER = com.huangshaofei.HealthCode;
				PRODUCT_NAME = "$(TARGET_NAME)";
				TARGETED_DEVICE_FAMILY = "1,2";
			};
			name = Debug;
		};
		D50A716B24BD91C600805136 /* Release */ = {
			isa = XCBuildConfiguration;
			baseConfigurationReference = 1AABF6239CED66631A25CF93 /* Pods-HealthCode.release.xcconfig */;
			buildSettings = {
				ASSETCATALOG_COMPILER_APPICON_NAME = AppIcon;
				CODE_SIGN_STYLE = Automatic;
				DEVELOPMENT_TEAM = 2H75278LLG;
				INFOPLIST_FILE = HealthCode/Info.plist;
				LD_RUNPATH_SEARCH_PATHS = (
					"$(inherited)",
					"@executable_path/Frameworks",
				);
				PRODUCT_BUNDLE_IDENTIFIER = com.huangshaofei.HealthCode;
				PRODUCT_NAME = "$(TARGET_NAME)";
				TARGETED_DEVICE_FAMILY = "1,2";
			};
			name = Release;
		};
/* End XCBuildConfiguration section */

/* Begin XCConfigurationList section */
		D50A714B24BD91C200805136 /* Build configuration list for PBXProject "HealthCode" */ = {
			isa = XCConfigurationList;
			buildConfigurations = (
				D50A716724BD91C600805136 /* Debug */,
				D50A716824BD91C600805136 /* Release */,
			);
			defaultConfigurationIsVisible = 0;
			defaultConfigurationName = Release;
		};
		D50A716924BD91C600805136 /* Build configuration list for PBXNativeTarget "HealthCode" */ = {
			isa = XCConfigurationList;
			buildConfigurations = (
				D50A716A24BD91C600805136 /* Debug */,
				D50A716B24BD91C600805136 /* Release */,
			);
			defaultConfigurationIsVisible = 0;
			defaultConfigurationName = Release;
		};
/* End XCConfigurationList section */
	};
	rootObject = D50A714824BD91C200805136 /* Project object */;
}
